
Microsoft Visual Studio Solution File, Format Version 12.00
# Visual Studio Version 17
VisualStudioVersion = 17.0.31903.59
MinimumVisualStudioVersion = 10.0.40219.1
Project("{2150E333-8FDC-42A3-9474-1A3956D46DE8}") = "src", "src", "{827E0CD3-B72D-47B6-A68D-7590B98EB39B}"
EndProject
Project("{FAE04EC0-301F-11D3-BF4B-00C04F79EFBC}") = "AIJobCoach.Api", "src\AIJobCoach.Api\AIJobCoach.Api.csproj", "{A2DCD154-B60D-44F6-8FAE-18EA9E686944}"
EndProject
Project("{FAE04EC0-301F-11D3-BF4B-00C04F79EFBC}") = "AIJobCoach.SharedKernel", "src\AIJobCoach.SharedKernel\AIJobCoach.SharedKernel.csproj", "{7E8214FE-B293-42D6-9357-2B1670EF8E76}"
EndProject
Project("{FAE04EC0-301F-11D3-BF4B-00C04F79EFBC}") = "AIJobCoach.Tests", "src\AIJobCoach.Tests\AIJobCoach.Tests.csproj", "{9D89E7BF-3544-4865-8F95-B45446D7AA71}"
EndProject
Global
	GlobalSection(SolutionConfigurationPlatforms) = preSolution
		Debug|Any CPU = Debug|Any CPU
		Debug|x64 = Debug|x64
		Debug|x86 = Debug|x86
		Release|Any CPU = Release|Any CPU
		Release|x64 = Release|x64
		Release|x86 = Release|x86
	EndGlobalSection
	GlobalSection(ProjectConfigurationPlatforms) = postSolution
		{A2DCD154-B60D-44F6-8FAE-18EA9E686944}.Debug|Any CPU.ActiveCfg = Debug|Any CPU
		{A2DCD154-B60D-44F6-8FAE-18EA9E686944}.Debug|Any CPU.Build.0 = Debug|Any CPU
		{A2DCD154-B60D-44F6-8FAE-18EA9E686944}.Debug|x64.ActiveCfg = Debug|Any CPU
		{A2DCD154-B60D-44F6-8FAE-18EA9E686944}.Debug|x64.Build.0 = Debug|Any CPU
		{A2DCD154-B60D-44F6-8FAE-18EA9E686944}.Debug|x86.ActiveCfg = Debug|Any CPU
		{A2DCD154-B60D-44F6-8FAE-18EA9E686944}.Debug|x86.Build.0 = Debug|Any CPU
		{A2DCD154-B60D-44F6-8FAE-18EA9E686944}.Release|Any CPU.ActiveCfg = Release|Any CPU
		{A2DCD154-B60D-44F6-8FAE-18EA9E686944}.Release|Any CPU.Build.0 = Release|Any CPU
		{A2DCD154-B60D-44F6-8FAE-18EA9E686944}.Release|x64.ActiveCfg = Release|Any CPU
		{A2DCD154-B60D-44F6-8FAE-18EA9E686944}.Release|x64.Build.0 = Release|Any CPU
		{A2DCD154-B60D-44F6-8FAE-18EA9E686944}.Release|x86.ActiveCfg = Release|Any CPU
		{A2DCD154-B60D-44F6-8FAE-18EA9E686944}.Release|x86.Build.0 = Release|Any CPU
		{7E8214FE-B293-42D6-9357-2B1670EF8E76}.Debug|Any CPU.ActiveCfg = Debug|Any CPU
		{7E8214FE-B293-42D6-9357-2B1670EF8E76}.Debug|Any CPU.Build.0 = Debug|Any CPU
		{7E8214FE-B293-42D6-9357-2B1670EF8E76}.Debug|x64.ActiveCfg = Debug|Any CPU
		{7E8214FE-B293-42D6-9357-2B1670EF8E76}.Debug|x64.Build.0 = Debug|Any CPU
		{7E8214FE-B293-42D6-9357-2B1670EF8E76}.Debug|x86.ActiveCfg = Debug|Any CPU
		{7E8214FE-B293-42D6-9357-2B1670EF8E76}.Debug|x86.Build.0 = Debug|Any CPU
		{7E8214FE-B293-42D6-9357-2B1670EF8E76}.Release|Any CPU.ActiveCfg = Release|Any CPU
		{7E8214FE-B293-42D6-9357-2B1670EF8E76}.Release|Any CPU.Build.0 = Release|Any CPU
		{7E8214FE-B293-42D6-9357-2B1670EF8E76}.Release|x64.ActiveCfg = Release|Any CPU
		{7E8214FE-B293-42D6-9357-2B1670EF8E76}.Release|x64.Build.0 = Release|Any CPU
		{7E8214FE-B293-42D6-9357-2B1670EF8E76}.Release|x86.ActiveCfg = Release|Any CPU
		{7E8214FE-B293-42D6-9357-2B1670EF8E76}.Release|x86.Build.0 = Release|Any CPU
		{9D89E7BF-3544-4865-8F95-B45446D7AA71}.Debug|Any CPU.ActiveCfg = Debug|Any CPU
		{9D89E7BF-3544-4865-8F95-B45446D7AA71}.Debug|Any CPU.Build.0 = Debug|Any CPU
		{9D89E7BF-3544-4865-8F95-B45446D7AA71}.Debug|x64.ActiveCfg = Debug|Any CPU
		{9D89E7BF-3544-4865-8F95-B45446D7AA71}.Debug|x64.Build.0 = Debug|Any CPU
		{9D89E7BF-3544-4865-8F95-B45446D7AA71}.Debug|x86.ActiveCfg = Debug|Any CPU
		{9D89E7BF-3544-4865-8F95-B45446D7AA71}.Debug|x86.Build.0 = Debug|Any CPU
		{9D89E7BF-3544-4865-8F95-B45446D7AA71}.Release|Any CPU.ActiveCfg = Release|Any CPU
		{9D89E7BF-3544-4865-8F95-B45446D7AA71}.Release|Any CPU.Build.0 = Release|Any CPU
		{9D89E7BF-3544-4865-8F95-B45446D7AA71}.Release|x64.ActiveCfg = Release|Any CPU
		{9D89E7BF-3544-4865-8F95-B45446D7AA71}.Release|x64.Build.0 = Release|Any CPU
		{9D89E7BF-3544-4865-8F95-B45446D7AA71}.Release|x86.ActiveCfg = Release|Any CPU
		{9D89E7BF-3544-4865-8F95-B45446D7AA71}.Release|x86.Build.0 = Release|Any CPU
	EndGlobalSection
	GlobalSection(SolutionProperties) = preSolution
		HideSolutionNode = FALSE
	EndGlobalSection
	GlobalSection(NestedProjects) = preSolution
		{A2DCD154-B60D-44F6-8FAE-18EA9E686944} = {827E0CD3-B72D-47B6-A68D-7590B98EB39B}
		{7E8214FE-B293-42D6-9357-2B1670EF8E76} = {827E0CD3-B72D-47B6-A68D-7590B98EB39B}
		{9D89E7BF-3544-4865-8F95-B45446D7AA71} = {827E0CD3-B72D-47B6-A68D-7590B98EB39B}
	EndGlobalSection
EndGlobal
